
Microsoft Visual Studio Solution File, Format Version 12.00
# Visual Studio 15
VisualStudioVersion = 15.0.27130.2010
MinimumVisualStudioVersion = 10.0.40219.1
Project("{FAE04EC0-301F-11D3-BF4B-00C04F79EFBC}") = "SjoslagetBackend", "SjoslagetBackend\SjoslagetBackend.csproj", "{EEA8567A-2511-43D4-BCBC-6A6894600D61}"
EndProject
Project("{FAE04EC0-301F-11D3-BF4B-00C04F79EFBC}") = "SjoslagetTest", "SjoslagetTest\SjoslagetTest.csproj", "{99C73E2F-8999-49B7-965C-6600ECA72F06}"
EndProject
Project("{FAE04EC0-301F-11D3-BF4B-00C04F79EFBC}") = "GotlandBackend", "GotlandBackend\GotlandBackend.csproj", "{739316E6-8F55-4593-81B2-F408D63E2F08}"
EndProject
Project("{FAE04EC0-301F-11D3-BF4B-00C04F79EFBC}") = "WebServicesShared", "WebServicesShared\WebServicesShared.csproj", "{DFB81EF3-55B9-4927-9B05-AAE669B9CA56}"
EndProject
Global
	GlobalSection(SolutionConfigurationPlatforms) = preSolution
		Debug|Any CPU = Debug|Any CPU
		Release|Any CPU = Release|Any CPU
	EndGlobalSection
	GlobalSection(ProjectConfigurationPlatforms) = postSolution
		{EEA8567A-2511-43D4-BCBC-6A6894600D61}.Debug|Any CPU.ActiveCfg = Debug|Any CPU
		{EEA8567A-2511-43D4-BCBC-6A6894600D61}.Debug|Any CPU.Build.0 = Debug|Any CPU
		{EEA8567A-2511-43D4-BCBC-6A6894600D61}.Release|Any CPU.ActiveCfg = Release|Any CPU
		{EEA8567A-2511-43D4-BCBC-6A6894600D61}.Release|Any CPU.Build.0 = Release|Any CPU
		{99C73E2F-8999-49B7-965C-6600ECA72F06}.Debug|Any CPU.ActiveCfg = Debug|Any CPU
		{99C73E2F-8999-49B7-965C-6600ECA72F06}.Debug|Any CPU.Build.0 = Debug|Any CPU
		{99C73E2F-8999-49B7-965C-6600ECA72F06}.Release|Any CPU.ActiveCfg = Release|Any CPU
		{99C73E2F-8999-49B7-965C-6600ECA72F06}.Release|Any CPU.Build.0 = Release|Any CPU
		{739316E6-8F55-4593-81B2-F408D63E2F08}.Debug|Any CPU.ActiveCfg = Debug|Any CPU
		{739316E6-8F55-4593-81B2-F408D63E2F08}.Debug|Any CPU.Build.0 = Debug|Any CPU
		{739316E6-8F55-4593-81B2-F408D63E2F08}.Release|Any CPU.ActiveCfg = Release|Any CPU
		{739316E6-8F55-4593-81B2-F408D63E2F08}.Release|Any CPU.Build.0 = Release|Any CPU
		{DFB81EF3-55B9-4927-9B05-AAE669B9CA56}.Debug|Any CPU.ActiveCfg = Debug|Any CPU
		{DFB81EF3-55B9-4927-9B05-AAE669B9CA56}.Debug|Any CPU.Build.0 = Debug|Any CPU
		{DFB81EF3-55B9-4927-9B05-AAE669B9CA56}.Release|Any CPU.ActiveCfg = Release|Any CPU
		{DFB81EF3-55B9-4927-9B05-AAE669B9CA56}.Release|Any CPU.Build.0 = Release|Any CPU
	EndGlobalSection
	GlobalSection(SolutionProperties) = preSolution
		HideSolutionNode = FALSE
	EndGlobalSection
	GlobalSection(ExtensibilityGlobals) = postSolution
		SolutionGuid = {D5815D8B-1D62-4134-868B-805586BE8D43}
	EndGlobalSection
EndGlobal
